
Microsoft Visual Studio Solution File, Format Version 12.00
# Visual Studio Version 17
VisualStudioVersion = 17.0.32112.339
MinimumVisualStudioVersion = 10.0.40219.1
Project("{FAE04EC0-301F-11D3-BF4B-00C04F79EFBC}") = "TccAliare", "TccAliare\TccAliare.csproj", "{321A15B1-7ECD-44DF-B9C4-D0D726D3CB9C}"
EndProject
Project("{FAE04EC0-301F-11D3-BF4B-00C04F79EFBC}") = "Aliare.DataBase", "Aliare.DataBase\Aliare.DataBase.csproj", "{E089AE4F-A7EE-4007-86B1-9E6F8A178719}"
EndProject
Global
	GlobalSection(SolutionConfigurationPlatforms) = preSolution
		Debug|Any CPU = Debug|Any CPU
		Release|Any CPU = Release|Any CPU
	EndGlobalSection
	GlobalSection(ProjectConfigurationPlatforms) = postSolution
		{321A15B1-7ECD-44DF-B9C4-D0D726D3CB9C}.Debug|Any CPU.ActiveCfg = Debug|Any CPU
		{321A15B1-7ECD-44DF-B9C4-D0D726D3CB9C}.Debug|Any CPU.Build.0 = Debug|Any CPU
		{321A15B1-7ECD-44DF-B9C4-D0D726D3CB9C}.Release|Any CPU.ActiveCfg = Release|Any CPU
		{321A15B1-7ECD-44DF-B9C4-D0D726D3CB9C}.Release|Any CPU.Build.0 = Release|Any CPU
		{E089AE4F-A7EE-4007-86B1-9E6F8A178719}.Debug|Any CPU.ActiveCfg = Debug|Any CPU
		{E089AE4F-A7EE-4007-86B1-9E6F8A178719}.Debug|Any CPU.Build.0 = Debug|Any CPU
		{E089AE4F-A7EE-4007-86B1-9E6F8A178719}.Release|Any CPU.ActiveCfg = Release|Any CPU
		{E089AE4F-A7EE-4007-86B1-9E6F8A178719}.Release|Any CPU.Build.0 = Release|Any CPU
	EndGlobalSection
	GlobalSection(SolutionProperties) = preSolution
		HideSolutionNode = FALSE
	EndGlobalSection
	GlobalSection(ExtensibilityGlobals) = postSolution
		SolutionGuid = {422981F9-4A73-46FB-A843-B39BE7E4C1CD}
	EndGlobalSection
EndGlobal
